
Microsoft Visual Studio Solution File, Format Version 12.00
# Visual Studio Version 16
VisualStudioVersion = 16.0.28922.388
MinimumVisualStudioVersion = 10.0.40219.1
Project("{FAE04EC0-301F-11D3-BF4B-00C04F79EFBC}") = "ResetSPUIDToProHandlerReg_Interface", "ResetSPUIDToProHandlerReg_Interface\ResetSPUIDToProHandlerReg_Interface.csproj", "{6A91BAF5-E7B9-471B-882C-B2EF45F5EC88}"
EndProject
Global
	GlobalSection(SolutionConfigurationPlatforms) = preSolution
		Debug|Any CPU = Debug|Any CPU
		Release|Any CPU = Release|Any CPU
	EndGlobalSection
	GlobalSection(ProjectConfigurationPlatforms) = postSolution
		{6A91BAF5-E7B9-471B-882C-B2EF45F5EC88}.Debug|Any CPU.ActiveCfg = Debug|Any CPU
		{6A91BAF5-E7B9-471B-882C-B2EF45F5EC88}.Debug|Any CPU.Build.0 = Debug|Any CPU
		{6A91BAF5-E7B9-471B-882C-B2EF45F5EC88}.Release|Any CPU.ActiveCfg = Release|Any CPU
		{6A91BAF5-E7B9-471B-882C-B2EF45F5EC88}.Release|Any CPU.Build.0 = Release|Any CPU
	EndGlobalSection
	GlobalSection(SolutionProperties) = preSolution
		HideSolutionNode = FALSE
	EndGlobalSection
	GlobalSection(ExtensibilityGlobals) = postSolution
		SolutionGuid = {D178F4C1-75C8-4C7D-B355-7F7BF76B0EE0}
	EndGlobalSection
EndGlobal
